Microsoft Visual Studio Solution File, Format Version 12.00
# Visual Studio Version 17
VisualStudioVersion = 17.0.31912.275
MinimumVisualStudioVersion = 10.0.40219.1
Project("{9A19103F-16F7-4668-BE54-9A1E7A4F7556}") = "SSW.SophieBot", "src\bot\SSW.SophieBot\SSW.SophieBot.csproj", "{A442AB9C-1784-4921-BC56-A58F3AFB9392}"
EndProject
Project("{9A19103F-16F7-4668-BE54-9A1E7A4F7556}") = "SSW.SophieBot.HttpClientComponents.Abstractions", "src\bot\SSW.SophieBot.HttpClientComponents.Abstractions\SSW.SophieBot.HttpClientComponents.Abstractions.csproj", "{077DD229-D364-4E0D-9A7A-E15FEFAA0913}"
EndProject
Project("{9A19103F-16F7-4668-BE54-9A1E7A4F7556}") = "SSW.SophieBot.HttpClientComponents.PersonQuery", "src\bot\SSW.SophieBot.HttpClientComponents.PersonQuery\SSW.SophieBot.HttpClientComponents.PersonQuery.csproj", "{34F6A627-166C-4188-95F5-A10BCB8FC7FE}"
EndProject
Project("{9A19103F-16F7-4668-BE54-9A1E7A4F7556}") = "SSW.SophieBot.Components", "src\bot\SSW.SophieBot.Components\SSW.SophieBot.Components.csproj", "{B5AAF070-CD91-40BE-91AC-D2E71B37E9C0}"
EndProject
Project("{2150E333-8FDC-42A3-9474-1A3956D46DE8}") = "bot", "bot", "{1EE640B1-7F7D-40DB-B8EF-C075284FDE87}"
EndProject
Project("{2150E333-8FDC-42A3-9474-1A3956D46DE8}") = "client", "client", "{92AED336-1BE8-4487-9EFF-09ED2F98EFEA}"
EndProject
Project("{2150E333-8FDC-42A3-9474-1A3956D46DE8}") = "SSW.SophieBot.Web", "SSW.SophieBot.Web", "{328CB7CF-F64B-4C76-A60C-B6DA1C2385F4}"
	ProjectSection(SolutionItems) = preProject
		src\client\SSW.SophieBot.Web\package.json = src\client\SSW.SophieBot.Web\package.json
		src\client\SSW.SophieBot.Web\README.md = src\client\SSW.SophieBot.Web\README.md
		src\client\SSW.SophieBot.Web\yarn.lock = src\client\SSW.SophieBot.Web\yarn.lock
	EndProjectSection
EndProject
Project("{2150E333-8FDC-42A3-9474-1A3956D46DE8}") = "src", "src", "{BAB865C0-F997-420F-AA84-2003DA6DCEA1}"
	ProjectSection(SolutionItems) = preProject
		src\client\SSW.SophieBot.Web\src\index.css = src\client\SSW.SophieBot.Web\src\index.css
		src\client\SSW.SophieBot.Web\src\index.html = src\client\SSW.SophieBot.Web\src\index.html
		src\client\SSW.SophieBot.Web\src\index.js = src\client\SSW.SophieBot.Web\src\index.js
	EndProjectSection
EndProject
Project("{9A19103F-16F7-4668-BE54-9A1E7A4F7556}") = "SSW.SophieBot.LUIS.Sync", "src\recognizer\SSW.SophieBot.LUIS.Sync\SSW.SophieBot.LUIS.Sync.csproj", "{4B888F9C-207C-426F-94D2-180E64D0BE9E}"
EndProject
Project("{2150E333-8FDC-42A3-9474-1A3956D46DE8}") = "service", "service", "{C6992D1E-BC9C-4977-8950-EC757FB0B338}"
EndProject
Project("{9A19103F-16F7-4668-BE54-9A1E7A4F7556}") = "SSW.SophieBot.DataSync.Crm", "src\service\SSW.SophieBot.DataSync.Crm\SSW.SophieBot.DataSync.Crm.csproj", "{882DD583-8F29-4BA7-A323-D1E9C60E90C9}"
EndProject
Project("{9A19103F-16F7-4668-BE54-9A1E7A4F7556}") = "SSW.SophieBot.AzureFunction", "src\framework\SSW.SophieBot.AzureFunction\SSW.SophieBot.AzureFunction.csproj", "{ECE7D091-88CD-4F6D-9668-5BB05A0D8911}"
EndProject
Project("{9A19103F-16F7-4668-BE54-9A1E7A4F7556}") = "SSW.SophieBot.DataSync.Domain", "src\service\SSW.SophieBot.DataSync.Domain\SSW.SophieBot.DataSync.Domain.csproj", "{B1093AC4-ED02-43F3-B4EA-6D5F3EF0A294}"
EndProject
Project("{2150E333-8FDC-42A3-9474-1A3956D46DE8}") = "src", "src", "{48D165C5-D416-492C-8FDE-3B81F50CCDA3}"
EndProject
Project("{2150E333-8FDC-42A3-9474-1A3956D46DE8}") = "test", "test", "{EA24F653-DAC3-46F0-B579-40518CE3F086}"
EndProject
Project("{9A19103F-16F7-4668-BE54-9A1E7A4F7556}") = "SSW.SophieBot.DataSync.Crm.Test", "test\SSW.SophieBot.DataSync.Crm.Test\SSW.SophieBot.DataSync.Crm.Test.csproj", "{18EF70CA-F8FE-49B7-8D14-1DF45CAADDB9}"
EndProject
Project("{2150E333-8FDC-42A3-9474-1A3956D46DE8}") = "framework", "framework", "{78D9C92A-37E3-49D6-8747-B03AF396A492}"
EndProject
Project("{9A19103F-16F7-4668-BE54-9A1E7A4F7556}") = "SSW.SophieBot.Core", "src\framework\SSW.SophieBot.Core\SSW.SophieBot.Core.csproj", "{2F1A3FEB-D7BE-4760-A4A0-A9599659C6B9}"
EndProject
Project("{9A19103F-16F7-4668-BE54-9A1E7A4F7556}") = "SSW.SophieBot.LUIS.Sync.Test", "test\SSW.SophieBot.LUIS.Sync.Test\SSW.SophieBot.LUIS.Sync.Test.csproj", "{D6790504-79B9-4B6E-A5A2-4BF5919F4C9B}"
EndProject
Project("{2150E333-8FDC-42A3-9474-1A3956D46DE8}") = "recognizer", "recognizer", "{AA5C3A18-8A04-48D7-A5F2-B71807650250}"
EndProject
Project("{9A19103F-16F7-4668-BE54-9A1E7A4F7556}") = "SSW.SophieBot.Recognizer.Schema", "src\framework\SSW.SophieBot.Recognizer.Schema\SSW.SophieBot.Recognizer.Schema.csproj", "{5E12CDC0-A968-4A5E-933C-EA074D3B8495}"
EndProject
Project("{9A19103F-16F7-4668-BE54-9A1E7A4F7556}") = "SSW.SophieBot.Recognizer.Schema.Test", "test\SSW.SophieBot.Recognizer.Schema.Test\SSW.SophieBot.Recognizer.Schema.Test.csproj", "{9ED38FFF-6686-4929-B88C-AFF58B052A84}"
EndProject
Project("{9A19103F-16F7-4668-BE54-9A1E7A4F7556}") = "SSW.SophieBot.Recognizer.Schema.TestData", "test\SSW.SophieBot.Recognizer.Schema.TestData\SSW.SophieBot.Recognizer.Schema.TestData.csproj", "{FD3DB385-529E-4AD2-B9E8-EF844593A86C}"
EndProject
Project("{9A19103F-16F7-4668-BE54-9A1E7A4F7556}") = "SSW.SophieBot.Recognizer.LUIS.Abstractions", "src\framework\SSW.SophieBot.Recognizer.LUIS.Abstractions\SSW.SophieBot.Recognizer.LUIS.Abstractions.csproj", "{D0A484AD-7D17-4E8F-ACF0-84CE4E54ECAD}"
EndProject
Project("{9A19103F-16F7-4668-BE54-9A1E7A4F7556}") = "SSW.SophieBot.Recognizer.LUIS.Abstractions.Test", "test\SSW.SophieBot.Recognizer.LUIS.Abstractions.Test\SSW.SophieBot.Recognizer.LUIS.Abstractions.Test.csproj", "{2E620F00-E9E7-45A0-A311-4AD541263B63}"
EndProject
Project("{9A19103F-16F7-4668-BE54-9A1E7A4F7556}") = "SSW.SophieBot.Recognizer.LUIS.EmployeeFinder", "src\recognizer\SSW.SophieBot.Recognizer.LUIS.EmployeeFinder\SSW.SophieBot.Recognizer.LUIS.EmployeeFinder.csproj", "{CE516555-7285-4C0E-97AF-BEE6952E6B51}"
EndProject
Project("{9A19103F-16F7-4668-BE54-9A1E7A4F7556}") = "SSW.SophieBot.DataAPI.Client", "src\service\SSW.SophieBot.DataAPI.Client\SSW.SophieBot.DataAPI.Client.csproj", "{35C312A3-7146-4D21-893B-5FB4800D55F4}"
EndProject
Project("{9A19103F-16F7-4668-BE54-9A1E7A4F7556}") = "SSW.SophieBot.LUIS.Migrator", "src\recognizer\SSW.SophieBot.LUIS.Migrator\SSW.SophieBot.LUIS.Migrator.csproj", "{5E2870AC-C4E5-4071-8564-E1F57904B662}"
EndProject
Global
	GlobalSection(SolutionConfigurationPlatforms) = preSolution
		Debug|Any CPU = Debug|Any CPU
		Release|Any CPU = Release|Any CPU
	EndGlobalSection
	GlobalSection(ProjectConfigurationPlatforms) = postSolution
		{A442AB9C-1784-4921-BC56-A58F3AFB9392}.Debug|Any CPU.ActiveCfg = Debug|Any CPU
		{A442AB9C-1784-4921-BC56-A58F3AFB9392}.Debug|Any CPU.Build.0 = Debug|Any CPU
		{A442AB9C-1784-4921-BC56-A58F3AFB9392}.Release|Any CPU.ActiveCfg = Release|Any CPU
		{A442AB9C-1784-4921-BC56-A58F3AFB9392}.Release|Any CPU.Build.0 = Release|Any CPU
		{077DD229-D364-4E0D-9A7A-E15FEFAA0913}.Debug|Any CPU.ActiveCfg = Debug|Any CPU
		{077DD229-D364-4E0D-9A7A-E15FEFAA0913}.Debug|Any CPU.Build.0 = Debug|Any CPU
		{077DD229-D364-4E0D-9A7A-E15FEFAA0913}.Release|Any CPU.ActiveCfg = Release|Any CPU
		{077DD229-D364-4E0D-9A7A-E15FEFAA0913}.Release|Any CPU.Build.0 = Release|Any CPU
		{34F6A627-166C-4188-95F5-A10BCB8FC7FE}.Debug|Any CPU.ActiveCfg = Debug|Any CPU
		{34F6A627-166C-4188-95F5-A10BCB8FC7FE}.Debug|Any CPU.Build.0 = Debug|Any CPU
		{34F6A627-166C-4188-95F5-A10BCB8FC7FE}.Release|Any CPU.ActiveCfg = Release|Any CPU
		{34F6A627-166C-4188-95F5-A10BCB8FC7FE}.Release|Any CPU.Build.0 = Release|Any CPU
		{B5AAF070-CD91-40BE-91AC-D2E71B37E9C0}.Debug|Any CPU.ActiveCfg = Debug|Any CPU
		{B5AAF070-CD91-40BE-91AC-D2E71B37E9C0}.Debug|Any CPU.Build.0 = Debug|Any CPU
		{B5AAF070-CD91-40BE-91AC-D2E71B37E9C0}.Release|Any CPU.ActiveCfg = Release|Any CPU
		{B5AAF070-CD91-40BE-91AC-D2E71B37E9C0}.Release|Any CPU.Build.0 = Release|Any CPU
		{4B888F9C-207C-426F-94D2-180E64D0BE9E}.Debug|Any CPU.ActiveCfg = Debug|Any CPU
		{4B888F9C-207C-426F-94D2-180E64D0BE9E}.Debug|Any CPU.Build.0 = Debug|Any CPU
		{4B888F9C-207C-426F-94D2-180E64D0BE9E}.Release|Any CPU.ActiveCfg = Release|Any CPU
		{4B888F9C-207C-426F-94D2-180E64D0BE9E}.Release|Any CPU.Build.0 = Release|Any CPU
		{882DD583-8F29-4BA7-A323-D1E9C60E90C9}.Debug|Any CPU.ActiveCfg = Debug|Any CPU
		{882DD583-8F29-4BA7-A323-D1E9C60E90C9}.Debug|Any CPU.Build.0 = Debug|Any CPU
		{882DD583-8F29-4BA7-A323-D1E9C60E90C9}.Release|Any CPU.ActiveCfg = Release|Any CPU
		{882DD583-8F29-4BA7-A323-D1E9C60E90C9}.Release|Any CPU.Build.0 = Release|Any CPU
		{ECE7D091-88CD-4F6D-9668-5BB05A0D8911}.Debug|Any CPU.ActiveCfg = Debug|Any CPU
		{ECE7D091-88CD-4F6D-9668-5BB05A0D8911}.Debug|Any CPU.Build.0 = Debug|Any CPU
		{ECE7D091-88CD-4F6D-9668-5BB05A0D8911}.Release|Any CPU.ActiveCfg = Release|Any CPU
		{ECE7D091-88CD-4F6D-9668-5BB05A0D8911}.Release|Any CPU.Build.0 = Release|Any CPU
		{B1093AC4-ED02-43F3-B4EA-6D5F3EF0A294}.Debug|Any CPU.ActiveCfg = Debug|Any CPU
		{B1093AC4-ED02-43F3-B4EA-6D5F3EF0A294}.Debug|Any CPU.Build.0 = Debug|Any CPU
		{B1093AC4-ED02-43F3-B4EA-6D5F3EF0A294}.Release|Any CPU.ActiveCfg = Release|Any CPU
		{B1093AC4-ED02-43F3-B4EA-6D5F3EF0A294}.Release|Any CPU.Build.0 = Release|Any CPU
		{18EF70CA-F8FE-49B7-8D14-1DF45CAADDB9}.Debug|Any CPU.ActiveCfg = Debug|Any CPU
		{18EF70CA-F8FE-49B7-8D14-1DF45CAADDB9}.Debug|Any CPU.Build.0 = Debug|Any CPU
		{18EF70CA-F8FE-49B7-8D14-1DF45CAADDB9}.Release|Any CPU.ActiveCfg = Release|Any CPU
		{18EF70CA-F8FE-49B7-8D14-1DF45CAADDB9}.Release|Any CPU.Build.0 = Release|Any CPU
		{2F1A3FEB-D7BE-4760-A4A0-A9599659C6B9}.Debug|Any CPU.ActiveCfg = Debug|Any CPU
		{2F1A3FEB-D7BE-4760-A4A0-A9599659C6B9}.Debug|Any CPU.Build.0 = Debug|Any CPU
		{2F1A3FEB-D7BE-4760-A4A0-A9599659C6B9}.Release|Any CPU.ActiveCfg = Release|Any CPU
		{2F1A3FEB-D7BE-4760-A4A0-A9599659C6B9}.Release|Any CPU.Build.0 = Release|Any CPU
		{D6790504-79B9-4B6E-A5A2-4BF5919F4C9B}.Debug|Any CPU.ActiveCfg = Debug|Any CPU
		{D6790504-79B9-4B6E-A5A2-4BF5919F4C9B}.Debug|Any CPU.Build.0 = Debug|Any CPU
		{D6790504-79B9-4B6E-A5A2-4BF5919F4C9B}.Release|Any CPU.ActiveCfg = Release|Any CPU
		{D6790504-79B9-4B6E-A5A2-4BF5919F4C9B}.Release|Any CPU.Build.0 = Release|Any CPU
		{5E12CDC0-A968-4A5E-933C-EA074D3B8495}.Debug|Any CPU.ActiveCfg = Debug|Any CPU
		{5E12CDC0-A968-4A5E-933C-EA074D3B8495}.Debug|Any CPU.Build.0 = Debug|Any CPU
		{5E12CDC0-A968-4A5E-933C-EA074D3B8495}.Release|Any CPU.ActiveCfg = Release|Any CPU
		{5E12CDC0-A968-4A5E-933C-EA074D3B8495}.Release|Any CPU.Build.0 = Release|Any CPU
		{9ED38FFF-6686-4929-B88C-AFF58B052A84}.Debug|Any CPU.ActiveCfg = Debug|Any CPU
		{9ED38FFF-6686-4929-B88C-AFF58B052A84}.Debug|Any CPU.Build.0 = Debug|Any CPU
		{9ED38FFF-6686-4929-B88C-AFF58B052A84}.Release|Any CPU.ActiveCfg = Release|Any CPU
		{9ED38FFF-6686-4929-B88C-AFF58B052A84}.Release|Any CPU.Build.0 = Release|Any CPU
		{FD3DB385-529E-4AD2-B9E8-EF844593A86C}.Debug|Any CPU.ActiveCfg = Debug|Any CPU
		{FD3DB385-529E-4AD2-B9E8-EF844593A86C}.Debug|Any CPU.Build.0 = Debug|Any CPU
		{FD3DB385-529E-4AD2-B9E8-EF844593A86C}.Release|Any CPU.ActiveCfg = Release|Any CPU
		{FD3DB385-529E-4AD2-B9E8-EF844593A86C}.Release|Any CPU.Build.0 = Release|Any CPU
		{D0A484AD-7D17-4E8F-ACF0-84CE4E54ECAD}.Debug|Any CPU.ActiveCfg = Debug|Any CPU
		{D0A484AD-7D17-4E8F-ACF0-84CE4E54ECAD}.Debug|Any CPU.Build.0 = Debug|Any CPU
		{D0A484AD-7D17-4E8F-ACF0-84CE4E54ECAD}.Release|Any CPU.ActiveCfg = Release|Any CPU
		{D0A484AD-7D17-4E8F-ACF0-84CE4E54ECAD}.Release|Any CPU.Build.0 = Release|Any CPU
		{2E620F00-E9E7-45A0-A311-4AD541263B63}.Debug|Any CPU.ActiveCfg = Debug|Any CPU
		{2E620F00-E9E7-45A0-A311-4AD541263B63}.Debug|Any CPU.Build.0 = Debug|Any CPU
		{2E620F00-E9E7-45A0-A311-4AD541263B63}.Release|Any CPU.ActiveCfg = Release|Any CPU
		{2E620F00-E9E7-45A0-A311-4AD541263B63}.Release|Any CPU.Build.0 = Release|Any CPU
		{CE516555-7285-4C0E-97AF-BEE6952E6B51}.Debug|Any CPU.ActiveCfg = Debug|Any CPU
		{CE516555-7285-4C0E-97AF-BEE6952E6B51}.Debug|Any CPU.Build.0 = Debug|Any CPU
		{CE516555-7285-4C0E-97AF-BEE6952E6B51}.Release|Any CPU.ActiveCfg = Release|Any CPU
		{CE516555-7285-4C0E-97AF-BEE6952E6B51}.Release|Any CPU.Build.0 = Release|Any CPU
		{35C312A3-7146-4D21-893B-5FB4800D55F4}.Debug|Any CPU.ActiveCfg = Debug|Any CPU
		{35C312A3-7146-4D21-893B-5FB4800D55F4}.Debug|Any CPU.Build.0 = Debug|Any CPU
		{35C312A3-7146-4D21-893B-5FB4800D55F4}.Release|Any CPU.ActiveCfg = Release|Any CPU
		{35C312A3-7146-4D21-893B-5FB4800D55F4}.Release|Any CPU.Build.0 = Release|Any CPU
		{5E2870AC-C4E5-4071-8564-E1F57904B662}.Debug|Any CPU.ActiveCfg = Debug|Any CPU
		{5E2870AC-C4E5-4071-8564-E1F57904B662}.Debug|Any CPU.Build.0 = Debug|Any CPU
		{5E2870AC-C4E5-4071-8564-E1F57904B662}.Release|Any CPU.ActiveCfg = Release|Any CPU
		{5E2870AC-C4E5-4071-8564-E1F57904B662}.Release|Any CPU.Build.0 = Release|Any CPU
	EndGlobalSection
	GlobalSection(SolutionProperties) = preSolution
		HideSolutionNode = FALSE
	EndGlobalSection
	GlobalSection(NestedProjects) = preSolution
		{A442AB9C-1784-4921-BC56-A58F3AFB9392} = {1EE640B1-7F7D-40DB-B8EF-C075284FDE87}
		{077DD229-D364-4E0D-9A7A-E15FEFAA0913} = {1EE640B1-7F7D-40DB-B8EF-C075284FDE87}
		{34F6A627-166C-4188-95F5-A10BCB8FC7FE} = {1EE640B1-7F7D-40DB-B8EF-C075284FDE87}
		{B5AAF070-CD91-40BE-91AC-D2E71B37E9C0} = {1EE640B1-7F7D-40DB-B8EF-C075284FDE87}
		{1EE640B1-7F7D-40DB-B8EF-C075284FDE87} = {48D165C5-D416-492C-8FDE-3B81F50CCDA3}
		{92AED336-1BE8-4487-9EFF-09ED2F98EFEA} = {48D165C5-D416-492C-8FDE-3B81F50CCDA3}
		{328CB7CF-F64B-4C76-A60C-B6DA1C2385F4} = {92AED336-1BE8-4487-9EFF-09ED2F98EFEA}
		{BAB865C0-F997-420F-AA84-2003DA6DCEA1} = {328CB7CF-F64B-4C76-A60C-B6DA1C2385F4}
		{4B888F9C-207C-426F-94D2-180E64D0BE9E} = {AA5C3A18-8A04-48D7-A5F2-B71807650250}
		{C6992D1E-BC9C-4977-8950-EC757FB0B338} = {48D165C5-D416-492C-8FDE-3B81F50CCDA3}
		{882DD583-8F29-4BA7-A323-D1E9C60E90C9} = {C6992D1E-BC9C-4977-8950-EC757FB0B338}
		{ECE7D091-88CD-4F6D-9668-5BB05A0D8911} = {78D9C92A-37E3-49D6-8747-B03AF396A492}
		{B1093AC4-ED02-43F3-B4EA-6D5F3EF0A294} = {C6992D1E-BC9C-4977-8950-EC757FB0B338}
		{18EF70CA-F8FE-49B7-8D14-1DF45CAADDB9} = {EA24F653-DAC3-46F0-B579-40518CE3F086}
		{78D9C92A-37E3-49D6-8747-B03AF396A492} = {48D165C5-D416-492C-8FDE-3B81F50CCDA3}
		{2F1A3FEB-D7BE-4760-A4A0-A9599659C6B9} = {78D9C92A-37E3-49D6-8747-B03AF396A492}
		{D6790504-79B9-4B6E-A5A2-4BF5919F4C9B} = {EA24F653-DAC3-46F0-B579-40518CE3F086}
		{AA5C3A18-8A04-48D7-A5F2-B71807650250} = {48D165C5-D416-492C-8FDE-3B81F50CCDA3}
		{5E12CDC0-A968-4A5E-933C-EA074D3B8495} = {78D9C92A-37E3-49D6-8747-B03AF396A492}
		{9ED38FFF-6686-4929-B88C-AFF58B052A84} = {EA24F653-DAC3-46F0-B579-40518CE3F086}
		{FD3DB385-529E-4AD2-B9E8-EF844593A86C} = {EA24F653-DAC3-46F0-B579-40518CE3F086}
		{D0A484AD-7D17-4E8F-ACF0-84CE4E54ECAD} = {78D9C92A-37E3-49D6-8747-B03AF396A492}
		{2E620F00-E9E7-45A0-A311-4AD541263B63} = {EA24F653-DAC3-46F0-B579-40518CE3F086}
		{CE516555-7285-4C0E-97AF-BEE6952E6B51} = {AA5C3A18-8A04-48D7-A5F2-B71807650250}
		{35C312A3-7146-4D21-893B-5FB4800D55F4} = {C6992D1E-BC9C-4977-8950-EC757FB0B338}
		{5E2870AC-C4E5-4071-8564-E1F57904B662} = {AA5C3A18-8A04-48D7-A5F2-B71807650250}
	EndGlobalSection
	GlobalSection(ExtensibilityGlobals) = postSolution
		SolutionGuid = {86E25EDA-9BBD-4C01-99A4-07ABD670C67C}
	EndGlobalSection
EndGlobal
