Microsoft Visual Studio Solution File, Format Version 12.00
# Visual Studio Version 17
VisualStudioVersion = 17.0.31912.275
MinimumVisualStudioVersion = 10.0.40219.1
Project("{9A19103F-16F7-4668-BE54-9A1E7A4F7556}") = "SSW.SophieBot", "src\bot\SSW.SophieBot\SSW.SophieBot.csproj", "{A442AB9C-1784-4921-BC56-A58F3AFB9392}"
EndProject
Project("{9A19103F-16F7-4668-BE54-9A1E7A4F7556}") = "SSW.SophieBot.HttpClientComponents.Abstractions", "src\bot\SSW.SophieBot.HttpClientComponents.Abstractions\SSW.SophieBot.HttpClientComponents.Abstractions.csproj", "{077DD229-D364-4E0D-9A7A-E15FEFAA0913}"
EndProject
Project("{9A19103F-16F7-4668-BE54-9A1E7A4F7556}") = "SSW.SophieBot.HttpClientComponents.PersonQuery", "src\bot\SSW.SophieBot.HttpClientComponents.PersonQuery\SSW.SophieBot.HttpClientComponents.PersonQuery.csproj", "{34F6A627-166C-4188-95F5-A10BCB8FC7FE}"
EndProject
Project("{9A19103F-16F7-4668-BE54-9A1E7A4F7556}") = "SSW.SophieBot.Components", "src\bot\SSW.SophieBot.Components\SSW.SophieBot.Components.csproj", "{B5AAF070-CD91-40BE-91AC-D2E71B37E9C0}"
EndProject
Project("{2150E333-8FDC-42A3-9474-1A3956D46DE8}") = "bot", "bot", "{1EE640B1-7F7D-40DB-B8EF-C075284FDE87}"
EndProject
Project("{2150E333-8FDC-42A3-9474-1A3956D46DE8}") = "client", "client", "{92AED336-1BE8-4487-9EFF-09ED2F98EFEA}"
EndProject
Project("{2150E333-8FDC-42A3-9474-1A3956D46DE8}") = "SSW.SophieBot.Web", "SSW.SophieBot.Web", "{328CB7CF-F64B-4C76-A60C-B6DA1C2385F4}"
	ProjectSection(SolutionItems) = preProject
		src\client\SSW.SophieBot.Web\package.json = src\client\SSW.SophieBot.Web\package.json
		src\client\SSW.SophieBot.Web\README.md = src\client\SSW.SophieBot.Web\README.md
		src\client\SSW.SophieBot.Web\yarn.lock = src\client\SSW.SophieBot.Web\yarn.lock
	EndProjectSection
EndProject
Project("{2150E333-8FDC-42A3-9474-1A3956D46DE8}") = "src", "src", "{BAB865C0-F997-420F-AA84-2003DA6DCEA1}"
	ProjectSection(SolutionItems) = preProject
		src\client\SSW.SophieBot.Web\src\index.css = src\client\SSW.SophieBot.Web\src\index.css
		src\client\SSW.SophieBot.Web\src\index.html = src\client\SSW.SophieBot.Web\src\index.html
		src\client\SSW.SophieBot.Web\src\index.js = src\client\SSW.SophieBot.Web\src\index.js
	EndProjectSection
EndProject
Project("{2150E333-8FDC-42A3-9474-1A3956D46DE8}") = "luis", "luis", "{18058327-A1AF-4A3D-BDC9-DA25745D5AFD}"
EndProject
Project("{9A19103F-16F7-4668-BE54-9A1E7A4F7556}") = "SSW.SophieBot.LUIS.Core", "src\luis\SSW.SophieBot.LUIS.Core\SSW.SophieBot.LUIS.Core.csproj", "{1C28D721-54B5-4CB5-BD8D-3182AC108D27}"
EndProject
Project("{9A19103F-16F7-4668-BE54-9A1E7A4F7556}") = "SSW.SophieBot.LUIS.Model", "src\luis\SSW.SophieBot.LUIS.Model\SSW.SophieBot.LUIS.Model.csproj", "{1E4CD97B-F5BE-48DC-BD4C-39DC9F75ABF8}"
EndProject
Project("{9A19103F-16F7-4668-BE54-9A1E7A4F7556}") = "SSW.SophieBot.LUIS.Sync", "src\luis\SSW.SophieBot.LUIS.Sync\SSW.SophieBot.LUIS.Sync.csproj", "{4B888F9C-207C-426F-94D2-180E64D0BE9E}"
EndProject
Project("{2150E333-8FDC-42A3-9474-1A3956D46DE8}") = "service", "service", "{C6992D1E-BC9C-4977-8950-EC757FB0B338}"
EndProject
Project("{9A19103F-16F7-4668-BE54-9A1E7A4F7556}") = "SSW.SophieBot.DataSync.Crm", "src\service\SSW.SophieBot.DataSync.Crm\SSW.SophieBot.DataSync.Crm.csproj", "{882DD583-8F29-4BA7-A323-D1E9C60E90C9}"
EndProject
Project("{9A19103F-16F7-4668-BE54-9A1E7A4F7556}") = "SSW.SophieBot.AzureFunction", "src\framework\SSW.SophieBot.AzureFunction\SSW.SophieBot.AzureFunction.csproj", "{ECE7D091-88CD-4F6D-9668-5BB05A0D8911}"
EndProject
Project("{9A19103F-16F7-4668-BE54-9A1E7A4F7556}") = "SSW.SophieBot.DataSync.Domain", "src\service\SSW.SophieBot.DataSync.Domain\SSW.SophieBot.DataSync.Domain.csproj", "{B1093AC4-ED02-43F3-B4EA-6D5F3EF0A294}"
EndProject
Project("{2150E333-8FDC-42A3-9474-1A3956D46DE8}") = "src", "src", "{48D165C5-D416-492C-8FDE-3B81F50CCDA3}"
EndProject
Project("{2150E333-8FDC-42A3-9474-1A3956D46DE8}") = "test", "test", "{EA24F653-DAC3-46F0-B579-40518CE3F086}"
EndProject
Project("{2150E333-8FDC-42A3-9474-1A3956D46DE8}") = "service", "service", "{283DDEF0-3627-4F64-877A-FB1A8B6CF229}"
EndProject
Project("{FAE04EC0-301F-11D3-BF4B-00C04F79EFBC}") = "SSW.SophieBot.DataSync.Crm.Test", "test\service\SSW.SophieBot.DataSync.Crm.Test\SSW.SophieBot.DataSync.Crm.Test.csproj", "{18EF70CA-F8FE-49B7-8D14-1DF45CAADDB9}"
EndProject
Project("{2150E333-8FDC-42A3-9474-1A3956D46DE8}") = "framework", "framework", "{78D9C92A-37E3-49D6-8747-B03AF396A492}"
EndProject
Project("{FAE04EC0-301F-11D3-BF4B-00C04F79EFBC}") = "SSW.SophieBot.Core", "src\framework\SSW.SophieBot.Core\SSW.SophieBot.Core.csproj", "{2F1A3FEB-D7BE-4760-A4A0-A9599659C6B9}"
EndProject
Global
	GlobalSection(SolutionConfigurationPlatforms) = preSolution
		Debug|Any CPU = Debug|Any CPU
		Release|Any CPU = Release|Any CPU
	EndGlobalSection
	GlobalSection(ProjectConfigurationPlatforms) = postSolution
		{A442AB9C-1784-4921-BC56-A58F3AFB9392}.Debug|Any CPU.ActiveCfg = Debug|Any CPU
		{A442AB9C-1784-4921-BC56-A58F3AFB9392}.Debug|Any CPU.Build.0 = Debug|Any CPU
		{A442AB9C-1784-4921-BC56-A58F3AFB9392}.Release|Any CPU.ActiveCfg = Release|Any CPU
		{A442AB9C-1784-4921-BC56-A58F3AFB9392}.Release|Any CPU.Build.0 = Release|Any CPU
		{077DD229-D364-4E0D-9A7A-E15FEFAA0913}.Debug|Any CPU.ActiveCfg = Debug|Any CPU
		{077DD229-D364-4E0D-9A7A-E15FEFAA0913}.Debug|Any CPU.Build.0 = Debug|Any CPU
		{077DD229-D364-4E0D-9A7A-E15FEFAA0913}.Release|Any CPU.ActiveCfg = Release|Any CPU
		{077DD229-D364-4E0D-9A7A-E15FEFAA0913}.Release|Any CPU.Build.0 = Release|Any CPU
		{34F6A627-166C-4188-95F5-A10BCB8FC7FE}.Debug|Any CPU.ActiveCfg = Debug|Any CPU
		{34F6A627-166C-4188-95F5-A10BCB8FC7FE}.Debug|Any CPU.Build.0 = Debug|Any CPU
		{34F6A627-166C-4188-95F5-A10BCB8FC7FE}.Release|Any CPU.ActiveCfg = Release|Any CPU
		{34F6A627-166C-4188-95F5-A10BCB8FC7FE}.Release|Any CPU.Build.0 = Release|Any CPU
		{B5AAF070-CD91-40BE-91AC-D2E71B37E9C0}.Debug|Any CPU.ActiveCfg = Debug|Any CPU
		{B5AAF070-CD91-40BE-91AC-D2E71B37E9C0}.Debug|Any CPU.Build.0 = Debug|Any CPU
		{B5AAF070-CD91-40BE-91AC-D2E71B37E9C0}.Release|Any CPU.ActiveCfg = Release|Any CPU
		{B5AAF070-CD91-40BE-91AC-D2E71B37E9C0}.Release|Any CPU.Build.0 = Release|Any CPU
		{1C28D721-54B5-4CB5-BD8D-3182AC108D27}.Debug|Any CPU.ActiveCfg = Debug|Any CPU
		{1C28D721-54B5-4CB5-BD8D-3182AC108D27}.Debug|Any CPU.Build.0 = Debug|Any CPU
		{1C28D721-54B5-4CB5-BD8D-3182AC108D27}.Release|Any CPU.ActiveCfg = Release|Any CPU
		{1C28D721-54B5-4CB5-BD8D-3182AC108D27}.Release|Any CPU.Build.0 = Release|Any CPU
		{1E4CD97B-F5BE-48DC-BD4C-39DC9F75ABF8}.Debug|Any CPU.ActiveCfg = Debug|Any CPU
		{1E4CD97B-F5BE-48DC-BD4C-39DC9F75ABF8}.Debug|Any CPU.Build.0 = Debug|Any CPU
		{1E4CD97B-F5BE-48DC-BD4C-39DC9F75ABF8}.Release|Any CPU.ActiveCfg = Release|Any CPU
		{1E4CD97B-F5BE-48DC-BD4C-39DC9F75ABF8}.Release|Any CPU.Build.0 = Release|Any CPU
		{4B888F9C-207C-426F-94D2-180E64D0BE9E}.Debug|Any CPU.ActiveCfg = Debug|Any CPU
		{4B888F9C-207C-426F-94D2-180E64D0BE9E}.Debug|Any CPU.Build.0 = Debug|Any CPU
		{4B888F9C-207C-426F-94D2-180E64D0BE9E}.Release|Any CPU.ActiveCfg = Release|Any CPU
		{4B888F9C-207C-426F-94D2-180E64D0BE9E}.Release|Any CPU.Build.0 = Release|Any CPU
		{882DD583-8F29-4BA7-A323-D1E9C60E90C9}.Debug|Any CPU.ActiveCfg = Debug|Any CPU
		{882DD583-8F29-4BA7-A323-D1E9C60E90C9}.Debug|Any CPU.Build.0 = Debug|Any CPU
		{882DD583-8F29-4BA7-A323-D1E9C60E90C9}.Release|Any CPU.ActiveCfg = Release|Any CPU
		{882DD583-8F29-4BA7-A323-D1E9C60E90C9}.Release|Any CPU.Build.0 = Release|Any CPU
		{ECE7D091-88CD-4F6D-9668-5BB05A0D8911}.Debug|Any CPU.ActiveCfg = Debug|Any CPU
		{ECE7D091-88CD-4F6D-9668-5BB05A0D8911}.Debug|Any CPU.Build.0 = Debug|Any CPU
		{ECE7D091-88CD-4F6D-9668-5BB05A0D8911}.Release|Any CPU.ActiveCfg = Release|Any CPU
		{ECE7D091-88CD-4F6D-9668-5BB05A0D8911}.Release|Any CPU.Build.0 = Release|Any CPU
		{B1093AC4-ED02-43F3-B4EA-6D5F3EF0A294}.Debug|Any CPU.ActiveCfg = Debug|Any CPU
		{B1093AC4-ED02-43F3-B4EA-6D5F3EF0A294}.Debug|Any CPU.Build.0 = Debug|Any CPU
		{B1093AC4-ED02-43F3-B4EA-6D5F3EF0A294}.Release|Any CPU.ActiveCfg = Release|Any CPU
		{B1093AC4-ED02-43F3-B4EA-6D5F3EF0A294}.Release|Any CPU.Build.0 = Release|Any CPU
		{18EF70CA-F8FE-49B7-8D14-1DF45CAADDB9}.Debug|Any CPU.ActiveCfg = Debug|Any CPU
		{18EF70CA-F8FE-49B7-8D14-1DF45CAADDB9}.Debug|Any CPU.Build.0 = Debug|Any CPU
		{18EF70CA-F8FE-49B7-8D14-1DF45CAADDB9}.Release|Any CPU.ActiveCfg = Release|Any CPU
		{18EF70CA-F8FE-49B7-8D14-1DF45CAADDB9}.Release|Any CPU.Build.0 = Release|Any CPU
		{2F1A3FEB-D7BE-4760-A4A0-A9599659C6B9}.Debug|Any CPU.ActiveCfg = Debug|Any CPU
		{2F1A3FEB-D7BE-4760-A4A0-A9599659C6B9}.Debug|Any CPU.Build.0 = Debug|Any CPU
		{2F1A3FEB-D7BE-4760-A4A0-A9599659C6B9}.Release|Any CPU.ActiveCfg = Release|Any CPU
		{2F1A3FEB-D7BE-4760-A4A0-A9599659C6B9}.Release|Any CPU.Build.0 = Release|Any CPU
	EndGlobalSection
	GlobalSection(SolutionProperties) = preSolution
		HideSolutionNode = FALSE
	EndGlobalSection
	GlobalSection(NestedProjects) = preSolution
		{A442AB9C-1784-4921-BC56-A58F3AFB9392} = {1EE640B1-7F7D-40DB-B8EF-C075284FDE87}
		{077DD229-D364-4E0D-9A7A-E15FEFAA0913} = {1EE640B1-7F7D-40DB-B8EF-C075284FDE87}
		{34F6A627-166C-4188-95F5-A10BCB8FC7FE} = {1EE640B1-7F7D-40DB-B8EF-C075284FDE87}
		{B5AAF070-CD91-40BE-91AC-D2E71B37E9C0} = {1EE640B1-7F7D-40DB-B8EF-C075284FDE87}
		{1EE640B1-7F7D-40DB-B8EF-C075284FDE87} = {48D165C5-D416-492C-8FDE-3B81F50CCDA3}
		{92AED336-1BE8-4487-9EFF-09ED2F98EFEA} = {48D165C5-D416-492C-8FDE-3B81F50CCDA3}
		{328CB7CF-F64B-4C76-A60C-B6DA1C2385F4} = {92AED336-1BE8-4487-9EFF-09ED2F98EFEA}
		{BAB865C0-F997-420F-AA84-2003DA6DCEA1} = {328CB7CF-F64B-4C76-A60C-B6DA1C2385F4}
		{18058327-A1AF-4A3D-BDC9-DA25745D5AFD} = {48D165C5-D416-492C-8FDE-3B81F50CCDA3}
		{1C28D721-54B5-4CB5-BD8D-3182AC108D27} = {18058327-A1AF-4A3D-BDC9-DA25745D5AFD}
		{1E4CD97B-F5BE-48DC-BD4C-39DC9F75ABF8} = {18058327-A1AF-4A3D-BDC9-DA25745D5AFD}
		{4B888F9C-207C-426F-94D2-180E64D0BE9E} = {18058327-A1AF-4A3D-BDC9-DA25745D5AFD}
		{C6992D1E-BC9C-4977-8950-EC757FB0B338} = {48D165C5-D416-492C-8FDE-3B81F50CCDA3}
		{882DD583-8F29-4BA7-A323-D1E9C60E90C9} = {C6992D1E-BC9C-4977-8950-EC757FB0B338}
		{ECE7D091-88CD-4F6D-9668-5BB05A0D8911} = {78D9C92A-37E3-49D6-8747-B03AF396A492}
		{B1093AC4-ED02-43F3-B4EA-6D5F3EF0A294} = {C6992D1E-BC9C-4977-8950-EC757FB0B338}
		{283DDEF0-3627-4F64-877A-FB1A8B6CF229} = {EA24F653-DAC3-46F0-B579-40518CE3F086}
		{18EF70CA-F8FE-49B7-8D14-1DF45CAADDB9} = {283DDEF0-3627-4F64-877A-FB1A8B6CF229}
		{78D9C92A-37E3-49D6-8747-B03AF396A492} = {48D165C5-D416-492C-8FDE-3B81F50CCDA3}
		{2F1A3FEB-D7BE-4760-A4A0-A9599659C6B9} = {78D9C92A-37E3-49D6-8747-B03AF396A492}
	EndGlobalSection
	GlobalSection(ExtensibilityGlobals) = postSolution
		SolutionGuid = {86E25EDA-9BBD-4C01-99A4-07ABD670C67C}
	EndGlobalSection
EndGlobal
