
Microsoft Visual Studio Solution File, Format Version 12.00
# Visual Studio Version 16
VisualStudioVersion = 16.0.30503.244
MinimumVisualStudioVersion = 10.0.40219.1
Project("{9A19103F-16F7-4668-BE54-9A1E7A4F7556}") = "SSWSophieBot", "SSWSophieBot\SSWSophieBot.csproj", "{FD654EDA-8B8F-4E6F-A984-227F9EF13ECF}"
EndProject
Global
	GlobalSection(SolutionConfigurationPlatforms) = preSolution
		Debug|Any CPU = Debug|Any CPU
		Release|Any CPU = Release|Any CPU
	EndGlobalSection
	GlobalSection(ProjectConfigurationPlatforms) = postSolution
		{FD654EDA-8B8F-4E6F-A984-227F9EF13ECF}.Debug|Any CPU.ActiveCfg = Debug|Any CPU
		{FD654EDA-8B8F-4E6F-A984-227F9EF13ECF}.Debug|Any CPU.Build.0 = Debug|Any CPU
		{FD654EDA-8B8F-4E6F-A984-227F9EF13ECF}.Release|Any CPU.ActiveCfg = Release|Any CPU
		{FD654EDA-8B8F-4E6F-A984-227F9EF13ECF}.Release|Any CPU.Build.0 = Release|Any CPU
	EndGlobalSection
	GlobalSection(SolutionProperties) = preSolution
		HideSolutionNode = FALSE
	EndGlobalSection
	GlobalSection(ExtensibilityGlobals) = postSolution
		SolutionGuid = {FB52B60C-B974-4BEB-99AD-943DE16CFCE5}
	EndGlobalSection
EndGlobal
